
Microsoft Visual Studio Solution File, Format Version 12.00
# Visual Studio Version 16
VisualStudioVersion = 16.0.29709.97
MinimumVisualStudioVersion = 10.0.40219.1
Project("{FAE04EC0-301F-11D3-BF4B-00C04F79EFBC}") = "Ederson_Cardoso_Exercise01", "Ederson_Cardoso_Exercise01\Ederson_Cardoso_Exercise01.csproj", "{BACDC7AD-484F-4D77-A544-CA048CEF8A76}"
EndProject
Project("{FAE04EC0-301F-11D3-BF4B-00C04F79EFBC}") = "Ederson_Cardoso_Exercise02", "Ederson_Cardoso_Exercise02\Ederson_Cardoso_Exercise02.csproj", "{648FB8D3-A891-4724-BF0E-741AC26CA37D}"
EndProject
Global
	GlobalSection(SolutionConfigurationPlatforms) = preSolution
		Debug|Any CPU = Debug|Any CPU
		Release|Any CPU = Release|Any CPU
	EndGlobalSection
	GlobalSection(ProjectConfigurationPlatforms) = postSolution
		{BACDC7AD-484F-4D77-A544-CA048CEF8A76}.Debug|Any CPU.ActiveCfg = Debug|Any CPU
		{BACDC7AD-484F-4D77-A544-CA048CEF8A76}.Debug|Any CPU.Build.0 = Debug|Any CPU
		{BACDC7AD-484F-4D77-A544-CA048CEF8A76}.Release|Any CPU.ActiveCfg = Release|Any CPU
		{BACDC7AD-484F-4D77-A544-CA048CEF8A76}.Release|Any CPU.Build.0 = Release|Any CPU
		{648FB8D3-A891-4724-BF0E-741AC26CA37D}.Debug|Any CPU.ActiveCfg = Debug|Any CPU
		{648FB8D3-A891-4724-BF0E-741AC26CA37D}.Debug|Any CPU.Build.0 = Debug|Any CPU
		{648FB8D3-A891-4724-BF0E-741AC26CA37D}.Release|Any CPU.ActiveCfg = Release|Any CPU
		{648FB8D3-A891-4724-BF0E-741AC26CA37D}.Release|Any CPU.Build.0 = Release|Any CPU
	EndGlobalSection
	GlobalSection(SolutionProperties) = preSolution
		HideSolutionNode = FALSE
	EndGlobalSection
	GlobalSection(ExtensibilityGlobals) = postSolution
		SolutionGuid = {525A09CE-2856-4B84-A204-08390E33009A}
	EndGlobalSection
EndGlobal
